// !$*UTF8*$!
{
	archiveVersion = 1;
	classes = {
	};
	objectVersion = 48;
	objects = {

/* Begin PBXBuildFile section */
		4CB45D3C1FB39F5F0079C87D /* AppDelegate.swift in Sources */ = {isa = PBXBuildFile; fileRef = 4CB45D3B1FB39F5F0079C87D /* AppDelegate.swift */; };
		4CB45D3E1FB39F5F0079C87D /* ViewController.swift in Sources */ = {isa = PBXBuildFile; fileRef = 4CB45D3D1FB39F5F0079C87D /* ViewController.swift */; };
		4CB45D411FB39F5F0079C87D /* Main.storyboard in Resources */ = {isa = PBXBuildFile; fileRef = 4CB45D3F1FB39F5F0079C87D /* Main.storyboard */; };
		4CB45D431FB39F5F0079C87D /* Assets.xcassets in Resources */ = {isa = PBXBuildFile; fileRef = 4CB45D421FB39F5F0079C87D /* Assets.xcassets */; };
		4CB45D461FB39F5F0079C87D /* LaunchScreen.storyboard in Resources */ = {isa = PBXBuildFile; fileRef = 4CB45D441FB39F5F0079C87D /* LaunchScreen.storyboard */; };
/* End PBXBuildFile section */

/* Begin PBXFileReference section */
		4CB45D381FB39F5F0079C87D /* TimeBox.app */ = {isa = PBXFileReference; explicitFileType = wrapper.application; includeInIndex = 0; path = TimeBox.app; sourceTree = BUILT_PRODUCTS_DIR; };
		4CB45D3B1FB39F5F0079C87D /* AppDelegate.swift */ = {isa = PBXFileReference; lastKnownFileType = sourcecode.swift; path = AppDelegate.swift; sourceTree = "<group>"; };
		4CB45D3D1FB39F5F0079C87D /* ViewController.swift */ = {isa = PBXFileReference; lastKnownFileType = sourcecode.swift; path = ViewController.swift; sourceTree = "<group>"; };
		4CB45D401FB39F5F0079C87D /* Base */ = {isa = PBXFileReference; lastKnownFileType = file.storyboard; name = Base; path = Base.lproj/Main.storyboard; sourceTree = "<group>"; };
		4CB45D421FB39F5F0079C87D /* Assets.xcassets */ = {isa = PBXFileReference; lastKnownFileType = folder.assetcatalog; path = Assets.xcassets; sourceTree = "<group>"; };
		4CB45D451FB39F5F0079C87D /* Base */ = {isa = PBXFileReference; lastKnownFileType = file.storyboard; name = Base; path = Base.lproj/LaunchScreen.storyboard; sourceTree = "<group>"; };
		4CB45D471FB39F5F0079C87D /* Info.plist */ = {isa = PBXFileReference; lastKnownFileType = text.plist.xml; path = Info.plist; sourceTree = "<group>"; };
/* End PBXFileReference section */

/* Begin PBXFrameworksBuildPhase section */
		4CB45D351FB39F5F0079C87D /* Frameworks */ = {
			isa = PBXFrameworksBuildPhase;
			buildActionMask = 2147483647;
			files = (
			);
			runOnlyForDeploymentPostprocessing = 0;
		};
/* End PBXFrameworksBuildPhase section */

/* Begin PBXGroup section */
		4CB45D2F1FB39F5F0079C87D = {
			isa = PBXGroup;
			children = (
				4CB45D3A1FB39F5F0079C87D /* TimeBox */,
				4CB45D391FB39F5F0079C87D /* Products */,
			);
			sourceTree = "<group>";
		};
		4CB45D391FB39F5F0079C87D /* Products */ = {
			isa = PBXGroup;
			children = (
				4CB45D381FB39F5F0079C87D /* TimeBox.app */,
			);
			name = Products;
			sourceTree = "<group>";
		};
		4CB45D3A1FB39F5F0079C87D /* TimeBox */ = {
			isa = PBXGroup;
			children = (
				4CB45D3B1FB39F5F0079C87D /* AppDelegate.swift */,
				4CB45D3D1FB39F5F0079C87D /* ViewController.swift */,
				4CB45D3F1FB39F5F0079C87D /* Main.storyboard */,
				4CB45D421FB39F5F0079C87D /* Assets.xcassets */,
				4CB45D441FB39F5F0079C87D /* LaunchScreen.storyboard */,
				4CB45D471FB39F5F0079C87D /* Info.plist */,
			);
			path = TimeBox;
			sourceTree = "<group>";
		};
/* End PBXGroup section */

/* Begin PBXNativeTarget section */
		4CB45D371FB39F5F0079C87D /* TimeBox */ = {
			isa = PBXNativeTarget;
			buildConfigurationList = 4CB45D4A1FB39F5F0079C87D /* Build configuration list for PBXNativeTarget "TimeBox" */;
			buildPhases = (
				4CB45D341FB39F5F0079C87D /* Sources */,
				4CB45D351FB39F5F0079C87D /* Frameworks */,
				4CB45D361FB39F5F0079C87D /* Resources */,
			);
			buildRules = (
			);
			dependencies = (
			);
			name = TimeBox;
			productName = TimeBox;
			productReference = 4CB45D381FB39F5F0079C87D /* TimeBox.app */;
			productType = "com.apple.product-type.application";
		};
/* End PBXNativeTarget section */

/* Begin PBXProject section */
		4CB45D301FB39F5F0079C87D /* Project object */ = {
			isa = PBXProject;
			attributes = {
				LastSwiftUpdateCheck = 0900;
				LastUpgradeCheck = 0900;
				ORGANIZATIONNAME = "Johan Wejdenstolpe";
				TargetAttributes = {
					4CB45D371FB39F5F0079C87D = {
						CreatedOnToolsVersion = 9.0.1;
						ProvisioningStyle = Automatic;
					};
				};
			};
			buildConfigurationList = 4CB45D331FB39F5F0079C87D /* Build configuration list for PBXProject "TimeBox" */;
			compatibilityVersion = "Xcode 8.0";
			developmentRegion = en;
			hasScannedForEncodings = 0;
			knownRegions = (
				en,
				Base,
			);
			mainGroup = 4CB45D2F1FB39F5F0079C87D;
			productRefGroup = 4CB45D391FB39F5F0079C87D /* Products */;
			projectDirPath = "";
			projectRoot = "";
			targets = (
				4CB45D371FB39F5F0079C87D /* TimeBox */,
			);
		};
/* End PBXProject section */

/* Begin PBXResourcesBuildPhase section */
		4CB45D361FB39F5F0079C87D /* Resources */ = {
			isa = PBXResourcesBuildPhase;
			buildActionMask = 2147483647;
			files = (
				4CB45D461FB39F5F0079C87D /* LaunchScreen.storyboard in Resources */,
				4CB45D431FB39F5F0079C87D /* Assets.xcassets in Resources */,
				4CB45D411FB39F5F0079C87D /* Main.storyboard in Resources */,
			);
			runOnlyForDeploymentPostprocessing = 0;
		};
/* End PBXResourcesBuildPhase section */

/* Begin PBXSourcesBuildPhase section */
		4CB45D341FB39F5F0079C87D /* Sources */ = {
			isa = PBXSourcesBuildPhase;
			buildActionMask = 2147483647;
			files = (
				4CB45D3E1FB39F5F0079C87D /* ViewController.swift in Sources */,
				4CB45D3C1FB39F5F0079C87D /* AppDelegate.swift in Sources */,
			);
			runOnlyForDeploymentPostprocessing = 0;
		};
/* End PBXSourcesBuildPhase section */

/* Begin PBXVariantGroup section */
		4CB45D3F1FB39F5F0079C87D /* Main.storyboard */ = {
			isa = PBXVariantGroup;
			children = (
				4CB45D401FB39F5F0079C87D /* Base */,
			);
			name = Main.storyboard;
			sourceTree = "<group>";
		};
		4CB45D441FB39F5F0079C87D /* LaunchScreen.storyboard */ = {
			isa = PBXVariantGroup;
			children = (
				4CB45D451FB39F5F0079C87D /* Base */,
			);
			name = LaunchScreen.storyboard;
			sourceTree = "<group>";
		};
/* End PBXVariantGroup section */

/* Begin XCBuildConfiguration section */
		4CB45D481FB39F5F0079C87D /* Debug */ = {
			isa = XCBuildConfiguration;
			buildSettings = {
				ALWAYS_SEARCH_USER_PATHS = NO;
				CLANG_ANALYZER_NONNULL = YES;
				CLANG_ANALYZER_NUMBER_OBJECT_CONVERSION = YES_AGGRESSIVE;
				CLANG_CXX_LANGUAGE_STANDARD = "gnu++14";
				CLANG_CXX_LIBRARY = "libc++";
				CLANG_ENABLE_MODULES = YES;
				CLANG_ENABLE_OBJC_ARC = YES;
				CLANG_WARN_BLOCK_CAPTURE_AUTORELEASING = YES;
				CLANG_WARN_BOOL_CONVERSION = YES;
				CLANG_WARN_COMMA = YES;
				CLANG_WARN_CONSTANT_CONVERSION = YES;
				CLANG_WARN_DIRECT_OBJC_ISA_USAGE = YES_ERROR;
				CLANG_WARN_DOCUMENTATION_COMMENTS = YES;
				CLANG_WARN_EMPTY_BODY = YES;
				CLANG_WARN_ENUM_CONVERSION = YES;
				CLANG_WARN_INFINITE_RECURSION = YES;
				CLANG_WARN_INT_CONVERSION = YES;
				CLANG_WARN_NON_LITERAL_NULL_CONVERSION = YES;
				CLANG_WARN_OBJC_LITERAL_CONVERSION = YES;
				CLANG_WARN_OBJC_ROOT_CLASS = YES_ERROR;
				CLANG_WARN_RANGE_LOOP_ANALYSIS = YES;
				CLANG_WARN_STRICT_PROTOTYPES = YES;
				CLANG_WARN_SUSPICIOUS_MOVE = YES;
				CLANG_WARN_UNGUARDED_AVAILABILITY = YES_AGGRESSIVE;
				CLANG_WARN_UNREACHABLE_CODE = YES;
				CLANG_WARN__DUPLICATE_METHOD_MATCH = YES;
				CODE_SIGN_IDENTITY = "iPhone Developer";
				COPY_PHASE_STRIP = NO;
				DEBUG_INFORMATION_FORMAT = dwarf;
				ENABLE_STRICT_OBJC_MSGSEND = YES;
				ENABLE_TESTABILITY = YES;
				GCC_C_LANGUAGE_STANDARD = gnu11;
				GCC_DYNAMIC_NO_PIC = NO;
				GCC_NO_COMMON_BLOCKS = YES;
				GCC_OPTIMIZATION_LEVEL = 0;
				GCC_PREPROCESSOR_DEFINITIONS = (
					"DEBUG=1",
					"$(inherited)",
				);
				GCC_WARN_64_TO_32_BIT_CONVERSION = YES;
				GCC_WARN_ABOUT_RETURN_TYPE = YES_ERROR;
				GCC_WARN_UNDECLARED_SELECTOR = YES;
				GCC_WARN_UNINITIALIZED_AUTOS = YES_AGGRESSIVE;
				GCC_WARN_UNUSED_FUNCTION = YES;
				GCC_WARN_UNUSED_VARIABLE = YES;
				IPHONEOS_DEPLOYMENT_TARGET = 11.0;
				MTL_ENABLE_DEBUG_INFO = YES;
				ONLY_ACTIVE_ARCH = YES;
				SDKROOT = iphoneos;
				SWIFT_ACTIVE_COMPILATION_CONDITIONS = DEBUG;
				SWIFT_OPTIMIZATION_LEVEL = "-Onone";
			};
			name = Debug;
		};
		4CB45D491FB39F5F0079C87D /* Release */ = {
			isa = XCBuildConfiguration;
			buildSettings = {
				ALWAYS_SEARCH_USER_PATHS = NO;
				CLANG_ANALYZER_NONNULL = YES;
				CLANG_ANALYZER_NUMBER_OBJECT_CONVERSION = YES_AGGRESSIVE;
				CLANG_CXX_LANGUAGE_STANDARD = "gnu++14";
				CLANG_CXX_LIBRARY = "libc++";
				CLANG_ENABLE_MODULES = YES;
				CLANG_ENABLE_OBJC_ARC = YES;
				CLANG_WARN_BLOCK_CAPTURE_AUTORELEASING = YES;
				CLANG_WARN_BOOL_CONVERSION = YES;
				CLANG_WARN_COMMA = YES;
				CLANG_WARN_CONSTANT_CONVERSION = YES;
				CLANG_WARN_DIRECT_OBJC_ISA_USAGE = YES_ERROR;
				CLANG_WARN_DOCUMENTATION_COMMENTS = YES;
				CLANG_WARN_EMPTY_BODY = YES;
				CLANG_WARN_ENUM_CONVERSION = YES;
				CLANG_WARN_INFINITE_RECURSION = YES;
				CLANG_WARN_INT_CONVERSION = YES;
				CLANG_WARN_NON_LITERAL_NULL_CONVERSION = YES;
				CLANG_WARN_OBJC_LITERAL_CONVERSION = YES;
				CLANG_WARN_OBJC_ROOT_CLASS = YES_ERROR;
				CLANG_WARN_RANGE_LOOP_ANALYSIS = YES;
				CLANG_WARN_STRICT_PROTOTYPES = YES;
				CLANG_WARN_SUSPICIOUS_MOVE = YES;
				CLANG_WARN_UNGUARDED_AVAILABILITY = YES_AGGRESSIVE;
				CLANG_WARN_UNREACHABLE_CODE = YES;
				CLANG_WARN__DUPLICATE_METHOD_MATCH = YES;
				CODE_SIGN_IDENTITY = "iPhone Developer";
				COPY_PHASE_STRIP = NO;
				DEBUG_INFORMATION_FORMAT = "dwarf-with-dsym";
				ENABLE_NS_ASSERTIONS = NO;
				ENABLE_STRICT_OBJC_MSGSEND = YES;
				GCC_C_LANGUAGE_STANDARD = gnu11;
				GCC_NO_COMMON_BLOCKS = YES;
				GCC_WARN_64_TO_32_BIT_CONVERSION = YES;
				GCC_WARN_ABOUT_RETURN_TYPE = YES_ERROR;
				GCC_WARN_UNDECLARED_SELECTOR = YES;
				GCC_WARN_UNINITIALIZED_AUTOS = YES_AGGRESSIVE;
				GCC_WARN_UNUSED_FUNCTION = YES;
				GCC_WARN_UNUSED_VARIABLE = YES;
				IPHONEOS_DEPLOYMENT_TARGET = 11.0;
				MTL_ENABLE_DEBUG_INFO = NO;
				SDKROOT = iphoneos;
				SWIFT_OPTIMIZATION_LEVEL = "-Owholemodule";
				VALIDATE_PRODUCT = YES;
			};
			name = Release;
		};
		4CB45D4B1FB39F5F0079C87D /* Debug */ = {
			isa = XCBuildConfiguration;
			buildSettings = {
				ASSETCATALOG_COMPILER_APPICON_NAME = AppIcon;
				CODE_SIGN_STYLE = Automatic;
				DEVELOPMENT_TEAM = T69772G8XN;
				INFOPLIST_FILE = TimeBox/Info.plist;
				LD_RUNPATH_SEARCH_PATHS = "$(inherited) @executable_path/Frameworks";
				PRODUCT_BUNDLE_IDENTIFIER = com.wejdenstolpe.TimeBox;
				PRODUCT_NAME = "$(TARGET_NAME)";
				SWIFT_VERSION = 4.0;
				TARGETED_DEVICE_FAMILY = "1,2";
			};
			name = Debug;
		};
		4CB45D4C1FB39F5F0079C87D /* Release */ = {
			isa = XCBuildConfiguration;
			buildSettings = {
				ASSETCATALOG_COMPILER_APPICON_NAME = AppIcon;
				CODE_SIGN_STYLE = Automatic;
				DEVELOPMENT_TEAM = T69772G8XN;
				INFOPLIST_FILE = TimeBox/Info.plist;
				LD_RUNPATH_SEARCH_PATHS = "$(inherited) @executable_path/Frameworks";
				PRODUCT_BUNDLE_IDENTIFIER = com.wejdenstolpe.TimeBox;
				PRODUCT_NAME = "$(TARGET_NAME)";
				SWIFT_VERSION = 4.0;
				TARGETED_DEVICE_FAMILY = "1,2";
			};
			name = Release;
		};
/* End XCBuildConfiguration section */

/* Begin XCConfigurationList section */
		4CB45D331FB39F5F0079C87D /* Build configuration list for PBXProject "TimeBox" */ = {
			isa = XCConfigurationList;
			buildConfigurations = (
				4CB45D481FB39F5F0079C87D /* Debug */,
				4CB45D491FB39F5F0079C87D /* Release */,
			);
			defaultConfigurationIsVisible = 0;
			defaultConfigurationName = Release;
		};
		4CB45D4A1FB39F5F0079C87D /* Build configuration list for PBXNativeTarget "TimeBox" */ = {
			isa = XCConfigurationList;
			buildConfigurations = (
				4CB45D4B1FB39F5F0079C87D /* Debug */,
				4CB45D4C1FB39F5F0079C87D /* Release */,
			);
			defaultConfigurationIsVisible = 0;
			defaultConfigurationName = Release;
		};
/* End XCConfigurationList section */
	};
	rootObject = 4CB45D301FB39F5F0079C87D /* Project object */;
}
